
Microsoft Visual Studio Solution File, Format Version 12.00
# Visual Studio Version 17
VisualStudioVersion = 17.5.002.0
MinimumVisualStudioVersion = 10.0.40219.1
Project("{9A19103F-16F7-4668-BE54-9A1E7A4F7556}") = "teste", "teste.csproj", "{3E5BBF17-5E27-4F25-9A8A-F7DA8B06A756}"
EndProject
Global
	GlobalSection(SolutionConfigurationPlatforms) = preSolution
		Debug|Any CPU = Debug|Any CPU
		Release|Any CPU = Release|Any CPU
	EndGlobalSection
	GlobalSection(ProjectConfigurationPlatforms) = postSolution
		{3E5BBF17-5E27-4F25-9A8A-F7DA8B06A756}.Debug|Any CPU.ActiveCfg = Debug|Any CPU
		{3E5BBF17-5E27-4F25-9A8A-F7DA8B06A756}.Debug|Any CPU.Build.0 = Debug|Any CPU
		{3E5BBF17-5E27-4F25-9A8A-F7DA8B06A756}.Release|Any CPU.ActiveCfg = Release|Any CPU
		{3E5BBF17-5E27-4F25-9A8A-F7DA8B06A756}.Release|Any CPU.Build.0 = Release|Any CPU
	EndGlobalSection
	GlobalSection(SolutionProperties) = preSolution
		HideSolutionNode = FALSE
	EndGlobalSection
	GlobalSection(ExtensibilityGlobals) = postSolution
		SolutionGuid = {D5E7AB09-4342-49B3-B4CB-92A5EBB882F9}
	EndGlobalSection
EndGlobal
